
Microsoft Visual Studio Solution File, Format Version 12.00
# Visual Studio Version 16
VisualStudioVersion = 16.0.29215.179
MinimumVisualStudioVersion = 10.0.40219.1
Project("{FAE04EC0-301F-11D3-BF4B-00C04F79EFBC}") = "Lista01Exercicio05", "Lista01Exercicio05.csproj", "{3625C2E7-BFDC-49B3-8C71-6DFD1DCFCB11}"
EndProject
Global
	GlobalSection(SolutionConfigurationPlatforms) = preSolution
		Debug|Any CPU = Debug|Any CPU
		Release|Any CPU = Release|Any CPU
	EndGlobalSection
	GlobalSection(ProjectConfigurationPlatforms) = postSolution
		{3625C2E7-BFDC-49B3-8C71-6DFD1DCFCB11}.Debug|Any CPU.ActiveCfg = Debug|Any CPU
		{3625C2E7-BFDC-49B3-8C71-6DFD1DCFCB11}.Debug|Any CPU.Build.0 = Debug|Any CPU
		{3625C2E7-BFDC-49B3-8C71-6DFD1DCFCB11}.Release|Any CPU.ActiveCfg = Release|Any CPU
		{3625C2E7-BFDC-49B3-8C71-6DFD1DCFCB11}.Release|Any CPU.Build.0 = Release|Any CPU
	EndGlobalSection
	GlobalSection(SolutionProperties) = preSolution
		HideSolutionNode = FALSE
	EndGlobalSection
	GlobalSection(ExtensibilityGlobals) = postSolution
		SolutionGuid = {816A2A70-C418-4A83-A55A-33C505949F27}
	EndGlobalSection
EndGlobal
