
Microsoft Visual Studio Solution File, Format Version 12.00
# Visual Studio Version 16
VisualStudioVersion = 16.0.29215.179
MinimumVisualStudioVersion = 10.0.40219.1
Project("{FAE04EC0-301F-11D3-BF4B-00C04F79EFBC}") = "Lista02Exercicio11", "Lista02Exercicio11.csproj", "{D826F791-EB8B-4EBC-9D0C-FD9BCEB9F0F6}"
EndProject
Global
	GlobalSection(SolutionConfigurationPlatforms) = preSolution
		Debug|Any CPU = Debug|Any CPU
		Release|Any CPU = Release|Any CPU
	EndGlobalSection
	GlobalSection(ProjectConfigurationPlatforms) = postSolution
		{D826F791-EB8B-4EBC-9D0C-FD9BCEB9F0F6}.Debug|Any CPU.ActiveCfg = Debug|Any CPU
		{D826F791-EB8B-4EBC-9D0C-FD9BCEB9F0F6}.Debug|Any CPU.Build.0 = Debug|Any CPU
		{D826F791-EB8B-4EBC-9D0C-FD9BCEB9F0F6}.Release|Any CPU.ActiveCfg = Release|Any CPU
		{D826F791-EB8B-4EBC-9D0C-FD9BCEB9F0F6}.Release|Any CPU.Build.0 = Release|Any CPU
	EndGlobalSection
	GlobalSection(SolutionProperties) = preSolution
		HideSolutionNode = FALSE
	EndGlobalSection
	GlobalSection(ExtensibilityGlobals) = postSolution
		SolutionGuid = {1E223B07-26F2-4CBD-AAF6-E9753325A214}
	EndGlobalSection
EndGlobal
