
Microsoft Visual Studio Solution File, Format Version 12.00
# Visual Studio Version 16
VisualStudioVersion = 16.0.29215.179
MinimumVisualStudioVersion = 10.0.40219.1
Project("{FAE04EC0-301F-11D3-BF4B-00C04F79EFBC}") = "Litsa01Exercicio20", "Litsa01Exercicio20.csproj", "{93CE1F4C-AA9D-4E5F-810B-FA0D0AFD490A}"
EndProject
Global
	GlobalSection(SolutionConfigurationPlatforms) = preSolution
		Debug|Any CPU = Debug|Any CPU
		Release|Any CPU = Release|Any CPU
	EndGlobalSection
	GlobalSection(ProjectConfigurationPlatforms) = postSolution
		{93CE1F4C-AA9D-4E5F-810B-FA0D0AFD490A}.Debug|Any CPU.ActiveCfg = Debug|Any CPU
		{93CE1F4C-AA9D-4E5F-810B-FA0D0AFD490A}.Debug|Any CPU.Build.0 = Debug|Any CPU
		{93CE1F4C-AA9D-4E5F-810B-FA0D0AFD490A}.Release|Any CPU.ActiveCfg = Release|Any CPU
		{93CE1F4C-AA9D-4E5F-810B-FA0D0AFD490A}.Release|Any CPU.Build.0 = Release|Any CPU
	EndGlobalSection
	GlobalSection(SolutionProperties) = preSolution
		HideSolutionNode = FALSE
	EndGlobalSection
	GlobalSection(ExtensibilityGlobals) = postSolution
		SolutionGuid = {936C4617-C322-4A40-B8B0-A024BAD9CEB7}
	EndGlobalSection
EndGlobal
