
Microsoft Visual Studio Solution File, Format Version 12.00
# Visual Studio Version 16
VisualStudioVersion = 16.0.29503.13
MinimumVisualStudioVersion = 10.0.40219.1
Project("{FAE04EC0-301F-11D3-BF4B-00C04F79EFBC}") = "Lista04Exercicio06", "Lista04Exercicio06.csproj", "{8D1EED1D-35BD-4633-B480-49BDAE9316EF}"
EndProject
Global
	GlobalSection(SolutionConfigurationPlatforms) = preSolution
		Debug|Any CPU = Debug|Any CPU
		Release|Any CPU = Release|Any CPU
	EndGlobalSection
	GlobalSection(ProjectConfigurationPlatforms) = postSolution
		{8D1EED1D-35BD-4633-B480-49BDAE9316EF}.Debug|Any CPU.ActiveCfg = Debug|Any CPU
		{8D1EED1D-35BD-4633-B480-49BDAE9316EF}.Debug|Any CPU.Build.0 = Debug|Any CPU
		{8D1EED1D-35BD-4633-B480-49BDAE9316EF}.Release|Any CPU.ActiveCfg = Release|Any CPU
		{8D1EED1D-35BD-4633-B480-49BDAE9316EF}.Release|Any CPU.Build.0 = Release|Any CPU
	EndGlobalSection
	GlobalSection(SolutionProperties) = preSolution
		HideSolutionNode = FALSE
	EndGlobalSection
	GlobalSection(ExtensibilityGlobals) = postSolution
		SolutionGuid = {34D417BD-F846-48E8-812E-E21EACFF5F64}
	EndGlobalSection
EndGlobal
