
Microsoft Visual Studio Solution File, Format Version 12.00
# Visual Studio Version 16
VisualStudioVersion = 16.0.29215.179
MinimumVisualStudioVersion = 10.0.40219.1
Project("{FAE04EC0-301F-11D3-BF4B-00C04F79EFBC}") = "Lista01Exercicio16", "Lista01Exercicio16.csproj", "{B499767C-6435-45E9-AF9F-7B3B5BC8CACF}"
EndProject
Global
	GlobalSection(SolutionConfigurationPlatforms) = preSolution
		Debug|Any CPU = Debug|Any CPU
		Release|Any CPU = Release|Any CPU
	EndGlobalSection
	GlobalSection(ProjectConfigurationPlatforms) = postSolution
		{B499767C-6435-45E9-AF9F-7B3B5BC8CACF}.Debug|Any CPU.ActiveCfg = Debug|Any CPU
		{B499767C-6435-45E9-AF9F-7B3B5BC8CACF}.Debug|Any CPU.Build.0 = Debug|Any CPU
		{B499767C-6435-45E9-AF9F-7B3B5BC8CACF}.Release|Any CPU.ActiveCfg = Release|Any CPU
		{B499767C-6435-45E9-AF9F-7B3B5BC8CACF}.Release|Any CPU.Build.0 = Release|Any CPU
	EndGlobalSection
	GlobalSection(SolutionProperties) = preSolution
		HideSolutionNode = FALSE
	EndGlobalSection
	GlobalSection(ExtensibilityGlobals) = postSolution
		SolutionGuid = {5B9A364C-BF0F-42BB-95BB-2740433933AF}
	EndGlobalSection
EndGlobal
