
Microsoft Visual Studio Solution File, Format Version 12.00
# Visual Studio Version 16
VisualStudioVersion = 16.0.29215.179
MinimumVisualStudioVersion = 10.0.40219.1
Project("{FAE04EC0-301F-11D3-BF4B-00C04F79EFBC}") = "Lista01Exercicio09", "Lista01Exercicio09.csproj", "{03329422-5C92-4FB9-9EAC-527757E46031}"
EndProject
Global
	GlobalSection(SolutionConfigurationPlatforms) = preSolution
		Debug|Any CPU = Debug|Any CPU
		Release|Any CPU = Release|Any CPU
	EndGlobalSection
	GlobalSection(ProjectConfigurationPlatforms) = postSolution
		{03329422-5C92-4FB9-9EAC-527757E46031}.Debug|Any CPU.ActiveCfg = Debug|Any CPU
		{03329422-5C92-4FB9-9EAC-527757E46031}.Debug|Any CPU.Build.0 = Debug|Any CPU
		{03329422-5C92-4FB9-9EAC-527757E46031}.Release|Any CPU.ActiveCfg = Release|Any CPU
		{03329422-5C92-4FB9-9EAC-527757E46031}.Release|Any CPU.Build.0 = Release|Any CPU
	EndGlobalSection
	GlobalSection(SolutionProperties) = preSolution
		HideSolutionNode = FALSE
	EndGlobalSection
	GlobalSection(ExtensibilityGlobals) = postSolution
		SolutionGuid = {A48ADC92-8CD2-4260-AF43-38660F75021D}
	EndGlobalSection
EndGlobal
