
Microsoft Visual Studio Solution File, Format Version 12.00
# Visual Studio Version 16
VisualStudioVersion = 16.0.29215.179
MinimumVisualStudioVersion = 10.0.40219.1
Project("{FAE04EC0-301F-11D3-BF4B-00C04F79EFBC}") = "Lista01Exercicio21", "Lista01Exercicio21.csproj", "{4EB010F1-DCFE-49FC-9024-AD02CF1CAF7A}"
EndProject
Global
	GlobalSection(SolutionConfigurationPlatforms) = preSolution
		Debug|Any CPU = Debug|Any CPU
		Release|Any CPU = Release|Any CPU
	EndGlobalSection
	GlobalSection(ProjectConfigurationPlatforms) = postSolution
		{4EB010F1-DCFE-49FC-9024-AD02CF1CAF7A}.Debug|Any CPU.ActiveCfg = Debug|Any CPU
		{4EB010F1-DCFE-49FC-9024-AD02CF1CAF7A}.Debug|Any CPU.Build.0 = Debug|Any CPU
		{4EB010F1-DCFE-49FC-9024-AD02CF1CAF7A}.Release|Any CPU.ActiveCfg = Release|Any CPU
		{4EB010F1-DCFE-49FC-9024-AD02CF1CAF7A}.Release|Any CPU.Build.0 = Release|Any CPU
	EndGlobalSection
	GlobalSection(SolutionProperties) = preSolution
		HideSolutionNode = FALSE
	EndGlobalSection
	GlobalSection(ExtensibilityGlobals) = postSolution
		SolutionGuid = {67910B9F-7B6D-441B-8454-04AE312114D7}
	EndGlobalSection
EndGlobal
