
Microsoft Visual Studio Solution File, Format Version 12.00
# Visual Studio Version 16
VisualStudioVersion = 16.0.29215.179
MinimumVisualStudioVersion = 10.0.40219.1
Project("{FAE04EC0-301F-11D3-BF4B-00C04F79EFBC}") = "Lista02Exercicio06", "Lista02Exercicio06.csproj", "{57688657-142A-417D-8376-BE9EA8182424}"
EndProject
Global
	GlobalSection(SolutionConfigurationPlatforms) = preSolution
		Debug|Any CPU = Debug|Any CPU
		Release|Any CPU = Release|Any CPU
	EndGlobalSection
	GlobalSection(ProjectConfigurationPlatforms) = postSolution
		{57688657-142A-417D-8376-BE9EA8182424}.Debug|Any CPU.ActiveCfg = Debug|Any CPU
		{57688657-142A-417D-8376-BE9EA8182424}.Debug|Any CPU.Build.0 = Debug|Any CPU
		{57688657-142A-417D-8376-BE9EA8182424}.Release|Any CPU.ActiveCfg = Release|Any CPU
		{57688657-142A-417D-8376-BE9EA8182424}.Release|Any CPU.Build.0 = Release|Any CPU
	EndGlobalSection
	GlobalSection(SolutionProperties) = preSolution
		HideSolutionNode = FALSE
	EndGlobalSection
	GlobalSection(ExtensibilityGlobals) = postSolution
		SolutionGuid = {481296A0-6256-4A88-8C1E-426884938AA0}
	EndGlobalSection
EndGlobal
