
Microsoft Visual Studio Solution File, Format Version 12.00
# Visual Studio Version 16
VisualStudioVersion = 16.0.29215.179
MinimumVisualStudioVersion = 10.0.40219.1
Project("{FAE04EC0-301F-11D3-BF4B-00C04F79EFBC}") = "Lista04Exercicio02", "Lista04Exercicio02.csproj", "{2B2CBD96-76CB-4047-BFB7-7C0DA2B59BCB}"
EndProject
Global
	GlobalSection(SolutionConfigurationPlatforms) = preSolution
		Debug|Any CPU = Debug|Any CPU
		Release|Any CPU = Release|Any CPU
	EndGlobalSection
	GlobalSection(ProjectConfigurationPlatforms) = postSolution
		{2B2CBD96-76CB-4047-BFB7-7C0DA2B59BCB}.Debug|Any CPU.ActiveCfg = Debug|Any CPU
		{2B2CBD96-76CB-4047-BFB7-7C0DA2B59BCB}.Debug|Any CPU.Build.0 = Debug|Any CPU
		{2B2CBD96-76CB-4047-BFB7-7C0DA2B59BCB}.Release|Any CPU.ActiveCfg = Release|Any CPU
		{2B2CBD96-76CB-4047-BFB7-7C0DA2B59BCB}.Release|Any CPU.Build.0 = Release|Any CPU
	EndGlobalSection
	GlobalSection(SolutionProperties) = preSolution
		HideSolutionNode = FALSE
	EndGlobalSection
	GlobalSection(ExtensibilityGlobals) = postSolution
		SolutionGuid = {49DCB335-E2E9-4513-B0A7-33E9EF89E568}
	EndGlobalSection
EndGlobal
